{
  "pins" : [
    {
      "identity" : "lottie-spm",
      "kind" : "remoteSourceControl",
      "location" : "https://github.com/airbnb/lottie-spm.git",
      "state" : {
        "revision" : "96790253c1a82223bd43da651121abfd7e96d0f3",
        "version" : "4.3.4"
      }
    },
    {
      "identity" : "simpletoast",
      "kind" : "remoteSourceControl",
      "location" : "https://github.com/sanzaru/SimpleToast.git",
      "state" : {
        "revision" : "8dbc2e7c33cda25c0b2efafd59716cb9820c83eb",
        "version" : "0.8.1"
      }
    }
  ],
  "version" : 2
}
